
Microsoft Visual Studio Solution File, Format Version 12.00
# Visual Studio 14
VisualStudioVersion = 14.0.23107.0
MinimumVisualStudioVersion = 10.0.40219.1
Project("{FAE04EC0-301F-11D3-BF4B-00C04F79EFBC}") = "ControlApp.DataAccess", "ControlApp.DataAccess\ControlApp.DataAccess.csproj", "{A8ABFED1-3865-4426-861A-A60B7110B3C3}"
EndProject
Project("{FAE04EC0-301F-11D3-BF4B-00C04F79EFBC}") = "ControlApp.Entities", "ControlApp.Entities\ControlApp.Entities.csproj", "{AF1DFB1B-6012-42F9-8608-49FAF8371551}"
EndProject
Global
	GlobalSection(SolutionConfigurationPlatforms) = preSolution
		Debug|Any CPU = Debug|Any CPU
		Release|Any CPU = Release|Any CPU
	EndGlobalSection
	GlobalSection(ProjectConfigurationPlatforms) = postSolution
		{A8ABFED1-3865-4426-861A-A60B7110B3C3}.Debug|Any CPU.ActiveCfg = Debug|Any CPU
		{A8ABFED1-3865-4426-861A-A60B7110B3C3}.Debug|Any CPU.Build.0 = Debug|Any CPU
		{A8ABFED1-3865-4426-861A-A60B7110B3C3}.Release|Any CPU.ActiveCfg = Release|Any CPU
		{A8ABFED1-3865-4426-861A-A60B7110B3C3}.Release|Any CPU.Build.0 = Release|Any CPU
		{AF1DFB1B-6012-42F9-8608-49FAF8371551}.Debug|Any CPU.ActiveCfg = Debug|Any CPU
		{AF1DFB1B-6012-42F9-8608-49FAF8371551}.Debug|Any CPU.Build.0 = Debug|Any CPU
		{AF1DFB1B-6012-42F9-8608-49FAF8371551}.Release|Any CPU.ActiveCfg = Release|Any CPU
		{AF1DFB1B-6012-42F9-8608-49FAF8371551}.Release|Any CPU.Build.0 = Release|Any CPU
	EndGlobalSection
	GlobalSection(SolutionProperties) = preSolution
		HideSolutionNode = FALSE
	EndGlobalSection
EndGlobal
